
Microsoft Visual Studio Solution File, Format Version 12.00
# Visual Studio Version 17
VisualStudioVersion = 17.7.34009.444
MinimumVisualStudioVersion = 10.0.40219.1
Project("{FAE04EC0-301F-11D3-BF4B-00C04F79EFBC}") = "OrderFlowBotUnitTests", "OrderFlowBotUnitTests.csproj", "{18F5B15E-4ED1-4BF9-8023-9FD8ABC5E8D5}"
EndProject
Project("{FAE04EC0-301F-11D3-BF4B-00C04F79EFBC}") = "OrderFlowBotTestFiles", "..\OrderFlowBotTestFiles\OrderFlowBotTestFiles.csproj", "{B992CDEA-3FEC-4334-BA1E-8072A048FAFD}"
EndProject
Global
	GlobalSection(SolutionConfigurationPlatforms) = preSolution
		Debug|Any CPU = Debug|Any CPU
		Release|Any CPU = Release|Any CPU
	EndGlobalSection
	GlobalSection(ProjectConfigurationPlatforms) = postSolution
		{18F5B15E-4ED1-4BF9-8023-9FD8ABC5E8D5}.Debug|Any CPU.ActiveCfg = Debug|Any CPU
		{18F5B15E-4ED1-4BF9-8023-9FD8ABC5E8D5}.Debug|Any CPU.Build.0 = Debug|Any CPU
		{18F5B15E-4ED1-4BF9-8023-9FD8ABC5E8D5}.Release|Any CPU.ActiveCfg = Release|Any CPU
		{18F5B15E-4ED1-4BF9-8023-9FD8ABC5E8D5}.Release|Any CPU.Build.0 = Release|Any CPU
		{B992CDEA-3FEC-4334-BA1E-8072A048FAFD}.Debug|Any CPU.ActiveCfg = Debug|Any CPU
		{B992CDEA-3FEC-4334-BA1E-8072A048FAFD}.Debug|Any CPU.Build.0 = Debug|Any CPU
		{B992CDEA-3FEC-4334-BA1E-8072A048FAFD}.Release|Any CPU.ActiveCfg = Release|Any CPU
		{B992CDEA-3FEC-4334-BA1E-8072A048FAFD}.Release|Any CPU.Build.0 = Release|Any CPU
	EndGlobalSection
	GlobalSection(SolutionProperties) = preSolution
		HideSolutionNode = FALSE
	EndGlobalSection
	GlobalSection(ExtensibilityGlobals) = postSolution
		SolutionGuid = {F07E1CAC-D1AC-48B3-8185-4B9530D9AC2D}
	EndGlobalSection
EndGlobal
